
Microsoft Visual Studio Solution File, Format Version 12.00
# Visual Studio Version 17
VisualStudioVersion = 17.8.34330.188
MinimumVisualStudioVersion = 10.0.40219.1
Project("{FAE04EC0-301F-11D3-BF4B-00C04F79EFBC}") = "ExtentionMethod", "ExtentionMethod\ExtentionMethod.csproj", "{678B12B6-0400-4F8E-BEAB-703D448498A7}"
EndProject
Project("{FAE04EC0-301F-11D3-BF4B-00C04F79EFBC}") = "PatternMatchingEaxm", "..\PatternMatching\PatternMatchingEaxm\PatternMatchingEaxm.csproj", "{C5EC83EF-3224-46C5-AF03-FF1CB19F446D}"
EndProject
Project("{FAE04EC0-301F-11D3-BF4B-00C04F79EFBC}") = "Delegate", "..\Delegates\ConsoleApp1\Delegate.csproj", "{514754B7-FDEC-4B3A-9523-89D6D74D5BCE}"
EndProject
Global
	GlobalSection(SolutionConfigurationPlatforms) = preSolution
		Debug|Any CPU = Debug|Any CPU
		Release|Any CPU = Release|Any CPU
	EndGlobalSection
	GlobalSection(ProjectConfigurationPlatforms) = postSolution
		{678B12B6-0400-4F8E-BEAB-703D448498A7}.Debug|Any CPU.ActiveCfg = Debug|Any CPU
		{678B12B6-0400-4F8E-BEAB-703D448498A7}.Debug|Any CPU.Build.0 = Debug|Any CPU
		{678B12B6-0400-4F8E-BEAB-703D448498A7}.Release|Any CPU.ActiveCfg = Release|Any CPU
		{678B12B6-0400-4F8E-BEAB-703D448498A7}.Release|Any CPU.Build.0 = Release|Any CPU
		{C5EC83EF-3224-46C5-AF03-FF1CB19F446D}.Debug|Any CPU.ActiveCfg = Debug|Any CPU
		{C5EC83EF-3224-46C5-AF03-FF1CB19F446D}.Debug|Any CPU.Build.0 = Debug|Any CPU
		{C5EC83EF-3224-46C5-AF03-FF1CB19F446D}.Release|Any CPU.ActiveCfg = Release|Any CPU
		{C5EC83EF-3224-46C5-AF03-FF1CB19F446D}.Release|Any CPU.Build.0 = Release|Any CPU
		{514754B7-FDEC-4B3A-9523-89D6D74D5BCE}.Debug|Any CPU.ActiveCfg = Debug|Any CPU
		{514754B7-FDEC-4B3A-9523-89D6D74D5BCE}.Debug|Any CPU.Build.0 = Debug|Any CPU
		{514754B7-FDEC-4B3A-9523-89D6D74D5BCE}.Release|Any CPU.ActiveCfg = Release|Any CPU
		{514754B7-FDEC-4B3A-9523-89D6D74D5BCE}.Release|Any CPU.Build.0 = Release|Any CPU
	EndGlobalSection
	GlobalSection(SolutionProperties) = preSolution
		HideSolutionNode = FALSE
	EndGlobalSection
	GlobalSection(ExtensibilityGlobals) = postSolution
		SolutionGuid = {29506221-42C8-4A4F-B708-76CB2CD3238D}
	EndGlobalSection
EndGlobal
