
Microsoft Visual Studio Solution File, Format Version 12.00
# Visual Studio Version 17
VisualStudioVersion = 17.8.34330.188
MinimumVisualStudioVersion = 10.0.40219.1
Project("{FAE04EC0-301F-11D3-BF4B-00C04F79EFBC}") = "ConsoleApp1", "ConsoleApp1\ConsoleApp1.csproj", "{9DE418B6-A5D5-4680-8FCE-ECB4C62161E6}"
EndProject
Project("{FAE04EC0-301F-11D3-BF4B-00C04F79EFBC}") = "InterFace", "..\..\InterFace\InterFace.csproj", "{082452B7-D836-4340-A6DD-6C5C33E5D087}"
EndProject
Global
	GlobalSection(SolutionConfigurationPlatforms) = preSolution
		Debug|Any CPU = Debug|Any CPU
		Release|Any CPU = Release|Any CPU
	EndGlobalSection
	GlobalSection(ProjectConfigurationPlatforms) = postSolution
		{9DE418B6-A5D5-4680-8FCE-ECB4C62161E6}.Debug|Any CPU.ActiveCfg = Debug|Any CPU
		{9DE418B6-A5D5-4680-8FCE-ECB4C62161E6}.Debug|Any CPU.Build.0 = Debug|Any CPU
		{9DE418B6-A5D5-4680-8FCE-ECB4C62161E6}.Release|Any CPU.ActiveCfg = Release|Any CPU
		{9DE418B6-A5D5-4680-8FCE-ECB4C62161E6}.Release|Any CPU.Build.0 = Release|Any CPU
		{082452B7-D836-4340-A6DD-6C5C33E5D087}.Debug|Any CPU.ActiveCfg = Debug|Any CPU
		{082452B7-D836-4340-A6DD-6C5C33E5D087}.Debug|Any CPU.Build.0 = Debug|Any CPU
		{082452B7-D836-4340-A6DD-6C5C33E5D087}.Release|Any CPU.ActiveCfg = Release|Any CPU
		{082452B7-D836-4340-A6DD-6C5C33E5D087}.Release|Any CPU.Build.0 = Release|Any CPU
	EndGlobalSection
	GlobalSection(SolutionProperties) = preSolution
		HideSolutionNode = FALSE
	EndGlobalSection
	GlobalSection(ExtensibilityGlobals) = postSolution
		SolutionGuid = {36BE7A82-C7EE-4774-BDDC-56AD053187D7}
	EndGlobalSection
EndGlobal
